
Microsoft Visual Studio Solution File, Format Version 12.00
# Visual Studio Version 17
VisualStudioVersion = 17.3.32929.385
MinimumVisualStudioVersion = 10.0.40219.1
Project("{FAE04EC0-301F-11D3-BF4B-00C04F79EFBC}") = "Hesap Makinesi", "Hesap Makinesi\Hesap Makinesi.csproj", "{5A3962C0-EAC4-4206-9E08-1941709AC8AE}"
EndProject
Global
	GlobalSection(SolutionConfigurationPlatforms) = preSolution
		Debug|Any CPU = Debug|Any CPU
		Release|Any CPU = Release|Any CPU
	EndGlobalSection
	GlobalSection(ProjectConfigurationPlatforms) = postSolution
		{5A3962C0-EAC4-4206-9E08-1941709AC8AE}.Debug|Any CPU.ActiveCfg = Debug|Any CPU
		{5A3962C0-EAC4-4206-9E08-1941709AC8AE}.Debug|Any CPU.Build.0 = Debug|Any CPU
		{5A3962C0-EAC4-4206-9E08-1941709AC8AE}.Release|Any CPU.ActiveCfg = Release|Any CPU
		{5A3962C0-EAC4-4206-9E08-1941709AC8AE}.Release|Any CPU.Build.0 = Release|Any CPU
	EndGlobalSection
	GlobalSection(SolutionProperties) = preSolution
		HideSolutionNode = FALSE
	EndGlobalSection
	GlobalSection(ExtensibilityGlobals) = postSolution
		SolutionGuid = {B43A7334-0F7D-405E-A235-94EB71A6D4BD}
	EndGlobalSection
EndGlobal
